
Microsoft Visual Studio Solution File, Format Version 12.00
# Visual Studio 15
VisualStudioVersion = 15.0.26124.0
MinimumVisualStudioVersion = 15.0.26124.0
Project("{2150E333-8FDC-42A3-9474-1A3956D46DE8}") = "src", "src", "{D663F734-C410-4E50-AAA4-BD3FDA3CF908}"
EndProject
Project("{2150E333-8FDC-42A3-9474-1A3956D46DE8}") = "eWAN.Core", "eWAN.Core", "{0B0BE854-5492-4628-839F-231725F19D44}"
EndProject
Project("{FAE04EC0-301F-11D3-BF4B-00C04F79EFBC}") = "Domains", "src\eWAN.Core\Domains\Domains.csproj", "{764651F3-1482-49BF-9A4E-698ADAECE1FD}"
EndProject
Project("{FAE04EC0-301F-11D3-BF4B-00C04F79EFBC}") = "Infrastructure", "src\eWAN.Core\Infrastructure\Infrastructure.csproj", "{7D158250-824C-4C4B-957C-2539F1DFBB6A}"
EndProject
Project("{FAE04EC0-301F-11D3-BF4B-00C04F79EFBC}") = "UseCases", "src\eWAN.Core\UseCases\UseCases.csproj", "{62DCB43A-53EA-4FB5-9506-2BF938232EDA}"
EndProject
Project("{FAE04EC0-301F-11D3-BF4B-00C04F79EFBC}") = "eWAN.Core.Tests", "eWAN.Core.Tests\eWAN.Core.Tests.csproj", "{A0C908A7-5640-4CA3-8F1E-8F146D2AC4BE}"
EndProject
Global
	GlobalSection(SolutionConfigurationPlatforms) = preSolution
		Debug|Any CPU = Debug|Any CPU
		Debug|x64 = Debug|x64
		Debug|x86 = Debug|x86
		Release|Any CPU = Release|Any CPU
		Release|x64 = Release|x64
		Release|x86 = Release|x86
	EndGlobalSection
	GlobalSection(SolutionProperties) = preSolution
		HideSolutionNode = FALSE
	EndGlobalSection
	GlobalSection(ProjectConfigurationPlatforms) = postSolution
		{764651F3-1482-49BF-9A4E-698ADAECE1FD}.Debug|Any CPU.ActiveCfg = Debug|Any CPU
		{764651F3-1482-49BF-9A4E-698ADAECE1FD}.Debug|Any CPU.Build.0 = Debug|Any CPU
		{764651F3-1482-49BF-9A4E-698ADAECE1FD}.Debug|x64.ActiveCfg = Debug|Any CPU
		{764651F3-1482-49BF-9A4E-698ADAECE1FD}.Debug|x64.Build.0 = Debug|Any CPU
		{764651F3-1482-49BF-9A4E-698ADAECE1FD}.Debug|x86.ActiveCfg = Debug|Any CPU
		{764651F3-1482-49BF-9A4E-698ADAECE1FD}.Debug|x86.Build.0 = Debug|Any CPU
		{764651F3-1482-49BF-9A4E-698ADAECE1FD}.Release|Any CPU.ActiveCfg = Release|Any CPU
		{764651F3-1482-49BF-9A4E-698ADAECE1FD}.Release|Any CPU.Build.0 = Release|Any CPU
		{764651F3-1482-49BF-9A4E-698ADAECE1FD}.Release|x64.ActiveCfg = Release|Any CPU
		{764651F3-1482-49BF-9A4E-698ADAECE1FD}.Release|x64.Build.0 = Release|Any CPU
		{764651F3-1482-49BF-9A4E-698ADAECE1FD}.Release|x86.ActiveCfg = Release|Any CPU
		{764651F3-1482-49BF-9A4E-698ADAECE1FD}.Release|x86.Build.0 = Release|Any CPU
		{7D158250-824C-4C4B-957C-2539F1DFBB6A}.Debug|Any CPU.ActiveCfg = Debug|Any CPU
		{7D158250-824C-4C4B-957C-2539F1DFBB6A}.Debug|Any CPU.Build.0 = Debug|Any CPU
		{7D158250-824C-4C4B-957C-2539F1DFBB6A}.Debug|x64.ActiveCfg = Debug|Any CPU
		{7D158250-824C-4C4B-957C-2539F1DFBB6A}.Debug|x64.Build.0 = Debug|Any CPU
		{7D158250-824C-4C4B-957C-2539F1DFBB6A}.Debug|x86.ActiveCfg = Debug|Any CPU
		{7D158250-824C-4C4B-957C-2539F1DFBB6A}.Debug|x86.Build.0 = Debug|Any CPU
		{7D158250-824C-4C4B-957C-2539F1DFBB6A}.Release|Any CPU.ActiveCfg = Release|Any CPU
		{7D158250-824C-4C4B-957C-2539F1DFBB6A}.Release|Any CPU.Build.0 = Release|Any CPU
		{7D158250-824C-4C4B-957C-2539F1DFBB6A}.Release|x64.ActiveCfg = Release|Any CPU
		{7D158250-824C-4C4B-957C-2539F1DFBB6A}.Release|x64.Build.0 = Release|Any CPU
		{7D158250-824C-4C4B-957C-2539F1DFBB6A}.Release|x86.ActiveCfg = Release|Any CPU
		{7D158250-824C-4C4B-957C-2539F1DFBB6A}.Release|x86.Build.0 = Release|Any CPU
		{62DCB43A-53EA-4FB5-9506-2BF938232EDA}.Debug|Any CPU.ActiveCfg = Debug|Any CPU
		{62DCB43A-53EA-4FB5-9506-2BF938232EDA}.Debug|Any CPU.Build.0 = Debug|Any CPU
		{62DCB43A-53EA-4FB5-9506-2BF938232EDA}.Debug|x64.ActiveCfg = Debug|Any CPU
		{62DCB43A-53EA-4FB5-9506-2BF938232EDA}.Debug|x64.Build.0 = Debug|Any CPU
		{62DCB43A-53EA-4FB5-9506-2BF938232EDA}.Debug|x86.ActiveCfg = Debug|Any CPU
		{62DCB43A-53EA-4FB5-9506-2BF938232EDA}.Debug|x86.Build.0 = Debug|Any CPU
		{62DCB43A-53EA-4FB5-9506-2BF938232EDA}.Release|Any CPU.ActiveCfg = Release|Any CPU
		{62DCB43A-53EA-4FB5-9506-2BF938232EDA}.Release|Any CPU.Build.0 = Release|Any CPU
		{62DCB43A-53EA-4FB5-9506-2BF938232EDA}.Release|x64.ActiveCfg = Release|Any CPU
		{62DCB43A-53EA-4FB5-9506-2BF938232EDA}.Release|x64.Build.0 = Release|Any CPU
		{62DCB43A-53EA-4FB5-9506-2BF938232EDA}.Release|x86.ActiveCfg = Release|Any CPU
		{62DCB43A-53EA-4FB5-9506-2BF938232EDA}.Release|x86.Build.0 = Release|Any CPU
		{A0C908A7-5640-4CA3-8F1E-8F146D2AC4BE}.Debug|Any CPU.ActiveCfg = Debug|Any CPU
		{A0C908A7-5640-4CA3-8F1E-8F146D2AC4BE}.Debug|Any CPU.Build.0 = Debug|Any CPU
		{A0C908A7-5640-4CA3-8F1E-8F146D2AC4BE}.Debug|x64.ActiveCfg = Debug|Any CPU
		{A0C908A7-5640-4CA3-8F1E-8F146D2AC4BE}.Debug|x64.Build.0 = Debug|Any CPU
		{A0C908A7-5640-4CA3-8F1E-8F146D2AC4BE}.Debug|x86.ActiveCfg = Debug|Any CPU
		{A0C908A7-5640-4CA3-8F1E-8F146D2AC4BE}.Debug|x86.Build.0 = Debug|Any CPU
		{A0C908A7-5640-4CA3-8F1E-8F146D2AC4BE}.Release|Any CPU.ActiveCfg = Release|Any CPU
		{A0C908A7-5640-4CA3-8F1E-8F146D2AC4BE}.Release|Any CPU.Build.0 = Release|Any CPU
		{A0C908A7-5640-4CA3-8F1E-8F146D2AC4BE}.Release|x64.ActiveCfg = Release|Any CPU
		{A0C908A7-5640-4CA3-8F1E-8F146D2AC4BE}.Release|x64.Build.0 = Release|Any CPU
		{A0C908A7-5640-4CA3-8F1E-8F146D2AC4BE}.Release|x86.ActiveCfg = Release|Any CPU
		{A0C908A7-5640-4CA3-8F1E-8F146D2AC4BE}.Release|x86.Build.0 = Release|Any CPU
	EndGlobalSection
	GlobalSection(NestedProjects) = preSolution
		{0B0BE854-5492-4628-839F-231725F19D44} = {D663F734-C410-4E50-AAA4-BD3FDA3CF908}
		{764651F3-1482-49BF-9A4E-698ADAECE1FD} = {0B0BE854-5492-4628-839F-231725F19D44}
		{7D158250-824C-4C4B-957C-2539F1DFBB6A} = {0B0BE854-5492-4628-839F-231725F19D44}
		{62DCB43A-53EA-4FB5-9506-2BF938232EDA} = {0B0BE854-5492-4628-839F-231725F19D44}
	EndGlobalSection
EndGlobal
