
Microsoft Visual Studio Solution File, Format Version 12.00
# Visual Studio 15
VisualStudioVersion = 15.0.26124.0
MinimumVisualStudioVersion = 15.0.26124.0
Project("{2150E333-8FDC-42A3-9474-1A3956D46DE8}") = "src", "src", "{BCA1CB09-2B31-4C65-9B85-AF80D3D14686}"
EndProject
Project("{FAE04EC0-301F-11D3-BF4B-00C04F79EFBC}") = "Sinuka.Core", "src\Sinuka.Core\Sinuka.Core.csproj", "{83368299-C9C0-4417-B761-864DA6C3F313}"
EndProject
Project("{FAE04EC0-301F-11D3-BF4B-00C04F79EFBC}") = "Sinuka.Web", "src\Sinuka.Web\Sinuka.Web.csproj", "{911852C5-52A2-42CA-839D-C0CF0ADF9FFC}"
EndProject
Project("{FAE04EC0-301F-11D3-BF4B-00C04F79EFBC}") = "Sinuka.Web.Accounts", "src\Sinuka.Web.Accounts\Sinuka.Web.Accounts.csproj", "{AA857123-261F-4854-8565-B432FB620D8C}"
EndProject
Project("{FAE04EC0-301F-11D3-BF4B-00C04F79EFBC}") = "Sinuka.Web.Admin", "src\Sinuka.Web.Admin\Sinuka.Web.Admin.csproj", "{67DB485E-5280-4287-AD1F-5D66AFD18CC2}"
EndProject
Global
	GlobalSection(SolutionConfigurationPlatforms) = preSolution
		Debug|Any CPU = Debug|Any CPU
		Debug|x64 = Debug|x64
		Debug|x86 = Debug|x86
		Release|Any CPU = Release|Any CPU
		Release|x64 = Release|x64
		Release|x86 = Release|x86
	EndGlobalSection
	GlobalSection(SolutionProperties) = preSolution
		HideSolutionNode = FALSE
	EndGlobalSection
	GlobalSection(ProjectConfigurationPlatforms) = postSolution
		{83368299-C9C0-4417-B761-864DA6C3F313}.Debug|Any CPU.ActiveCfg = Debug|Any CPU
		{83368299-C9C0-4417-B761-864DA6C3F313}.Debug|Any CPU.Build.0 = Debug|Any CPU
		{83368299-C9C0-4417-B761-864DA6C3F313}.Debug|x64.ActiveCfg = Debug|Any CPU
		{83368299-C9C0-4417-B761-864DA6C3F313}.Debug|x64.Build.0 = Debug|Any CPU
		{83368299-C9C0-4417-B761-864DA6C3F313}.Debug|x86.ActiveCfg = Debug|Any CPU
		{83368299-C9C0-4417-B761-864DA6C3F313}.Debug|x86.Build.0 = Debug|Any CPU
		{83368299-C9C0-4417-B761-864DA6C3F313}.Release|Any CPU.ActiveCfg = Release|Any CPU
		{83368299-C9C0-4417-B761-864DA6C3F313}.Release|Any CPU.Build.0 = Release|Any CPU
		{83368299-C9C0-4417-B761-864DA6C3F313}.Release|x64.ActiveCfg = Release|Any CPU
		{83368299-C9C0-4417-B761-864DA6C3F313}.Release|x64.Build.0 = Release|Any CPU
		{83368299-C9C0-4417-B761-864DA6C3F313}.Release|x86.ActiveCfg = Release|Any CPU
		{83368299-C9C0-4417-B761-864DA6C3F313}.Release|x86.Build.0 = Release|Any CPU
		{911852C5-52A2-42CA-839D-C0CF0ADF9FFC}.Debug|Any CPU.ActiveCfg = Debug|Any CPU
		{911852C5-52A2-42CA-839D-C0CF0ADF9FFC}.Debug|Any CPU.Build.0 = Debug|Any CPU
		{911852C5-52A2-42CA-839D-C0CF0ADF9FFC}.Debug|x64.ActiveCfg = Debug|Any CPU
		{911852C5-52A2-42CA-839D-C0CF0ADF9FFC}.Debug|x64.Build.0 = Debug|Any CPU
		{911852C5-52A2-42CA-839D-C0CF0ADF9FFC}.Debug|x86.ActiveCfg = Debug|Any CPU
		{911852C5-52A2-42CA-839D-C0CF0ADF9FFC}.Debug|x86.Build.0 = Debug|Any CPU
		{911852C5-52A2-42CA-839D-C0CF0ADF9FFC}.Release|Any CPU.ActiveCfg = Release|Any CPU
		{911852C5-52A2-42CA-839D-C0CF0ADF9FFC}.Release|Any CPU.Build.0 = Release|Any CPU
		{911852C5-52A2-42CA-839D-C0CF0ADF9FFC}.Release|x64.ActiveCfg = Release|Any CPU
		{911852C5-52A2-42CA-839D-C0CF0ADF9FFC}.Release|x64.Build.0 = Release|Any CPU
		{911852C5-52A2-42CA-839D-C0CF0ADF9FFC}.Release|x86.ActiveCfg = Release|Any CPU
		{911852C5-52A2-42CA-839D-C0CF0ADF9FFC}.Release|x86.Build.0 = Release|Any CPU
		{AA857123-261F-4854-8565-B432FB620D8C}.Debug|Any CPU.ActiveCfg = Debug|Any CPU
		{AA857123-261F-4854-8565-B432FB620D8C}.Debug|Any CPU.Build.0 = Debug|Any CPU
		{AA857123-261F-4854-8565-B432FB620D8C}.Debug|x64.ActiveCfg = Debug|Any CPU
		{AA857123-261F-4854-8565-B432FB620D8C}.Debug|x64.Build.0 = Debug|Any CPU
		{AA857123-261F-4854-8565-B432FB620D8C}.Debug|x86.ActiveCfg = Debug|Any CPU
		{AA857123-261F-4854-8565-B432FB620D8C}.Debug|x86.Build.0 = Debug|Any CPU
		{AA857123-261F-4854-8565-B432FB620D8C}.Release|Any CPU.ActiveCfg = Release|Any CPU
		{AA857123-261F-4854-8565-B432FB620D8C}.Release|Any CPU.Build.0 = Release|Any CPU
		{AA857123-261F-4854-8565-B432FB620D8C}.Release|x64.ActiveCfg = Release|Any CPU
		{AA857123-261F-4854-8565-B432FB620D8C}.Release|x64.Build.0 = Release|Any CPU
		{AA857123-261F-4854-8565-B432FB620D8C}.Release|x86.ActiveCfg = Release|Any CPU
		{AA857123-261F-4854-8565-B432FB620D8C}.Release|x86.Build.0 = Release|Any CPU
		{67DB485E-5280-4287-AD1F-5D66AFD18CC2}.Debug|Any CPU.ActiveCfg = Debug|Any CPU
		{67DB485E-5280-4287-AD1F-5D66AFD18CC2}.Debug|Any CPU.Build.0 = Debug|Any CPU
		{67DB485E-5280-4287-AD1F-5D66AFD18CC2}.Debug|x64.ActiveCfg = Debug|Any CPU
		{67DB485E-5280-4287-AD1F-5D66AFD18CC2}.Debug|x64.Build.0 = Debug|Any CPU
		{67DB485E-5280-4287-AD1F-5D66AFD18CC2}.Debug|x86.ActiveCfg = Debug|Any CPU
		{67DB485E-5280-4287-AD1F-5D66AFD18CC2}.Debug|x86.Build.0 = Debug|Any CPU
		{67DB485E-5280-4287-AD1F-5D66AFD18CC2}.Release|Any CPU.ActiveCfg = Release|Any CPU
		{67DB485E-5280-4287-AD1F-5D66AFD18CC2}.Release|Any CPU.Build.0 = Release|Any CPU
		{67DB485E-5280-4287-AD1F-5D66AFD18CC2}.Release|x64.ActiveCfg = Release|Any CPU
		{67DB485E-5280-4287-AD1F-5D66AFD18CC2}.Release|x64.Build.0 = Release|Any CPU
		{67DB485E-5280-4287-AD1F-5D66AFD18CC2}.Release|x86.ActiveCfg = Release|Any CPU
		{67DB485E-5280-4287-AD1F-5D66AFD18CC2}.Release|x86.Build.0 = Release|Any CPU
	EndGlobalSection
	GlobalSection(NestedProjects) = preSolution
		{83368299-C9C0-4417-B761-864DA6C3F313} = {BCA1CB09-2B31-4C65-9B85-AF80D3D14686}
		{911852C5-52A2-42CA-839D-C0CF0ADF9FFC} = {BCA1CB09-2B31-4C65-9B85-AF80D3D14686}
		{AA857123-261F-4854-8565-B432FB620D8C} = {BCA1CB09-2B31-4C65-9B85-AF80D3D14686}
		{67DB485E-5280-4287-AD1F-5D66AFD18CC2} = {BCA1CB09-2B31-4C65-9B85-AF80D3D14686}
	EndGlobalSection
EndGlobal
