
Microsoft Visual Studio Solution File, Format Version 12.00
# Visual Studio 15
VisualStudioVersion = 15.0.26124.0
MinimumVisualStudioVersion = 15.0.26124.0
Project("{2150E333-8FDC-42A3-9474-1A3956D46DE8}") = "src", "src", "{474DDCC2-9398-4EC7-8E91-BBD981463B25}"
EndProject
Project("{FAE04EC0-301F-11D3-BF4B-00C04F79EFBC}") = "Sinuka.Web", "src\Sinuka.Web\Sinuka.Web.csproj", "{5748B997-DB97-4CA9-99E3-8C671F8AF41E}"
EndProject
Project("{FAE04EC0-301F-11D3-BF4B-00C04F79EFBC}") = "Sinuka.Core", "src\Sinuka.Core\Sinuka.Core.csproj", "{F5A0C530-AD51-4750-9A43-ACA14666DACE}"
EndProject
Global
	GlobalSection(SolutionConfigurationPlatforms) = preSolution
		Debug|Any CPU = Debug|Any CPU
		Debug|x64 = Debug|x64
		Debug|x86 = Debug|x86
		Release|Any CPU = Release|Any CPU
		Release|x64 = Release|x64
		Release|x86 = Release|x86
	EndGlobalSection
	GlobalSection(SolutionProperties) = preSolution
		HideSolutionNode = FALSE
	EndGlobalSection
	GlobalSection(ProjectConfigurationPlatforms) = postSolution
		{5748B997-DB97-4CA9-99E3-8C671F8AF41E}.Debug|Any CPU.ActiveCfg = Debug|Any CPU
		{5748B997-DB97-4CA9-99E3-8C671F8AF41E}.Debug|Any CPU.Build.0 = Debug|Any CPU
		{5748B997-DB97-4CA9-99E3-8C671F8AF41E}.Debug|x64.ActiveCfg = Debug|Any CPU
		{5748B997-DB97-4CA9-99E3-8C671F8AF41E}.Debug|x64.Build.0 = Debug|Any CPU
		{5748B997-DB97-4CA9-99E3-8C671F8AF41E}.Debug|x86.ActiveCfg = Debug|Any CPU
		{5748B997-DB97-4CA9-99E3-8C671F8AF41E}.Debug|x86.Build.0 = Debug|Any CPU
		{5748B997-DB97-4CA9-99E3-8C671F8AF41E}.Release|Any CPU.ActiveCfg = Release|Any CPU
		{5748B997-DB97-4CA9-99E3-8C671F8AF41E}.Release|Any CPU.Build.0 = Release|Any CPU
		{5748B997-DB97-4CA9-99E3-8C671F8AF41E}.Release|x64.ActiveCfg = Release|Any CPU
		{5748B997-DB97-4CA9-99E3-8C671F8AF41E}.Release|x64.Build.0 = Release|Any CPU
		{5748B997-DB97-4CA9-99E3-8C671F8AF41E}.Release|x86.ActiveCfg = Release|Any CPU
		{5748B997-DB97-4CA9-99E3-8C671F8AF41E}.Release|x86.Build.0 = Release|Any CPU
		{F5A0C530-AD51-4750-9A43-ACA14666DACE}.Debug|Any CPU.ActiveCfg = Debug|Any CPU
		{F5A0C530-AD51-4750-9A43-ACA14666DACE}.Debug|Any CPU.Build.0 = Debug|Any CPU
		{F5A0C530-AD51-4750-9A43-ACA14666DACE}.Debug|x64.ActiveCfg = Debug|Any CPU
		{F5A0C530-AD51-4750-9A43-ACA14666DACE}.Debug|x64.Build.0 = Debug|Any CPU
		{F5A0C530-AD51-4750-9A43-ACA14666DACE}.Debug|x86.ActiveCfg = Debug|Any CPU
		{F5A0C530-AD51-4750-9A43-ACA14666DACE}.Debug|x86.Build.0 = Debug|Any CPU
		{F5A0C530-AD51-4750-9A43-ACA14666DACE}.Release|Any CPU.ActiveCfg = Release|Any CPU
		{F5A0C530-AD51-4750-9A43-ACA14666DACE}.Release|Any CPU.Build.0 = Release|Any CPU
		{F5A0C530-AD51-4750-9A43-ACA14666DACE}.Release|x64.ActiveCfg = Release|Any CPU
		{F5A0C530-AD51-4750-9A43-ACA14666DACE}.Release|x64.Build.0 = Release|Any CPU
		{F5A0C530-AD51-4750-9A43-ACA14666DACE}.Release|x86.ActiveCfg = Release|Any CPU
		{F5A0C530-AD51-4750-9A43-ACA14666DACE}.Release|x86.Build.0 = Release|Any CPU
	EndGlobalSection
	GlobalSection(NestedProjects) = preSolution
		{5748B997-DB97-4CA9-99E3-8C671F8AF41E} = {474DDCC2-9398-4EC7-8E91-BBD981463B25}
		{F5A0C530-AD51-4750-9A43-ACA14666DACE} = {474DDCC2-9398-4EC7-8E91-BBD981463B25}
	EndGlobalSection
EndGlobal
